
Microsoft Visual Studio Solution File, Format Version 12.00
# Visual Studio Version 17
VisualStudioVersion = 17.14.36518.9 d17.14
MinimumVisualStudioVersion = 10.0.40219.1
Project("{2150E333-8FDC-42A3-9474-1A3956D46DE8}") = "src", "src", "{02EA681E-C7D8-13C7-8484-4AC65E1B71E8}"
EndProject
Project("{2150E333-8FDC-42A3-9474-1A3956D46DE8}") = "Core", "Core", "{A2A28861-0475-41BD-84C3-CBAC68B650AA}"
EndProject
Project("{2150E333-8FDC-42A3-9474-1A3956D46DE8}") = "Infraestructure", "Infraestructure", "{F0C10A90-F736-4401-8CE3-FCB74048BE46}"
EndProject
Project("{2150E333-8FDC-42A3-9474-1A3956D46DE8}") = "Presentation", "Presentation", "{491A39CC-DA4C-4E04-AB0B-ED74BA5937BB}"
EndProject
Project("{2150E333-8FDC-42A3-9474-1A3956D46DE8}") = "Tests", "Tests", "{361C5EE7-370B-408C-A18B-50D219A26C15}"
EndProject
Project("{FAE04EC0-301F-11D3-BF4B-00C04F79EFBC}") = "Elysia.Core.Application", "Elysia.Core.Application\Elysia.Core.Application.csproj", "{FE5636B3-627B-4105-BFED-9000155943F6}"
EndProject
Project("{FAE04EC0-301F-11D3-BF4B-00C04F79EFBC}") = "Elysia.Core.Domain", "Elysia.Core.Domain\Elysia.Core.Domain.csproj", "{0DA46D17-F6BA-407C-9B1A-A3FCDF857781}"
EndProject
Project("{FAE04EC0-301F-11D3-BF4B-00C04F79EFBC}") = "Elysia.Infraestructure.persistences", "Elysia.Infraestructure.persistences\Elysia.Infraestructure.persistences.csproj", "{E26936F4-6CAB-40CC-A7EA-6DA8E4D7448C}"
EndProject
Project("{FAE04EC0-301F-11D3-BF4B-00C04F79EFBC}") = "Elysia.Infraestructure.Identity", "Elysia.Infraestructure.Identity\Elysia.Infraestructure.Identity.csproj", "{13357658-77F0-4F8F-9CE3-42CBC793C2BB}"
EndProject
Project("{FAE04EC0-301F-11D3-BF4B-00C04F79EFBC}") = "Elysia.Infraestructure.Shared", "Elysia.Infraestructure.Shared\Elysia.Infraestructure.Shared.csproj", "{E465B83E-ABCC-4B43-AB14-E3BD2864FA3F}"
EndProject
Project("{2150E333-8FDC-42A3-9474-1A3956D46DE8}") = "WebApi", "WebApi", "{321254A0-AB2B-446E-8B11-6A5E7EA8C252}"
EndProject
Project("{FAE04EC0-301F-11D3-BF4B-00C04F79EFBC}") = "Elysia.Presentation.WebApi", "Elysia.Presentation.WebApi\Elysia.Presentation.WebApi.csproj", "{E82443EC-0CD5-436E-B547-F5A1EF79A904}"
EndProject
Project("{FAE04EC0-301F-11D3-BF4B-00C04F79EFBC}") = "Elysia.Integration.Tests", "Elysia.Integration.Tests\Elysia.Integration.Tests.csproj", "{CF9516FD-A344-44FC-ACB5-A48CEB85520D}"
EndProject
Project("{FAE04EC0-301F-11D3-BF4B-00C04F79EFBC}") = "Elysia.unit.Tests", "Elysia.unit.Tests\Elysia.unit.Tests.csproj", "{5598B2B8-C427-4FE2-A356-0E3A83E094FD}"
EndProject
Global
	GlobalSection(SolutionConfigurationPlatforms) = preSolution
		Debug|Any CPU = Debug|Any CPU
		Release|Any CPU = Release|Any CPU
	EndGlobalSection
	GlobalSection(ProjectConfigurationPlatforms) = postSolution
		{FE5636B3-627B-4105-BFED-9000155943F6}.Debug|Any CPU.ActiveCfg = Debug|Any CPU
		{FE5636B3-627B-4105-BFED-9000155943F6}.Debug|Any CPU.Build.0 = Debug|Any CPU
		{FE5636B3-627B-4105-BFED-9000155943F6}.Release|Any CPU.ActiveCfg = Release|Any CPU
		{FE5636B3-627B-4105-BFED-9000155943F6}.Release|Any CPU.Build.0 = Release|Any CPU
		{0DA46D17-F6BA-407C-9B1A-A3FCDF857781}.Debug|Any CPU.ActiveCfg = Debug|Any CPU
		{0DA46D17-F6BA-407C-9B1A-A3FCDF857781}.Debug|Any CPU.Build.0 = Debug|Any CPU
		{0DA46D17-F6BA-407C-9B1A-A3FCDF857781}.Release|Any CPU.ActiveCfg = Release|Any CPU
		{0DA46D17-F6BA-407C-9B1A-A3FCDF857781}.Release|Any CPU.Build.0 = Release|Any CPU
		{E26936F4-6CAB-40CC-A7EA-6DA8E4D7448C}.Debug|Any CPU.ActiveCfg = Debug|Any CPU
		{E26936F4-6CAB-40CC-A7EA-6DA8E4D7448C}.Debug|Any CPU.Build.0 = Debug|Any CPU
		{E26936F4-6CAB-40CC-A7EA-6DA8E4D7448C}.Release|Any CPU.ActiveCfg = Release|Any CPU
		{E26936F4-6CAB-40CC-A7EA-6DA8E4D7448C}.Release|Any CPU.Build.0 = Release|Any CPU
		{13357658-77F0-4F8F-9CE3-42CBC793C2BB}.Debug|Any CPU.ActiveCfg = Debug|Any CPU
		{13357658-77F0-4F8F-9CE3-42CBC793C2BB}.Debug|Any CPU.Build.0 = Debug|Any CPU
		{13357658-77F0-4F8F-9CE3-42CBC793C2BB}.Release|Any CPU.ActiveCfg = Release|Any CPU
		{13357658-77F0-4F8F-9CE3-42CBC793C2BB}.Release|Any CPU.Build.0 = Release|Any CPU
		{E465B83E-ABCC-4B43-AB14-E3BD2864FA3F}.Debug|Any CPU.ActiveCfg = Debug|Any CPU
		{E465B83E-ABCC-4B43-AB14-E3BD2864FA3F}.Debug|Any CPU.Build.0 = Debug|Any CPU
		{E465B83E-ABCC-4B43-AB14-E3BD2864FA3F}.Release|Any CPU.ActiveCfg = Release|Any CPU
		{E465B83E-ABCC-4B43-AB14-E3BD2864FA3F}.Release|Any CPU.Build.0 = Release|Any CPU
		{E82443EC-0CD5-436E-B547-F5A1EF79A904}.Debug|Any CPU.ActiveCfg = Debug|Any CPU
		{E82443EC-0CD5-436E-B547-F5A1EF79A904}.Debug|Any CPU.Build.0 = Debug|Any CPU
		{E82443EC-0CD5-436E-B547-F5A1EF79A904}.Release|Any CPU.ActiveCfg = Release|Any CPU
		{E82443EC-0CD5-436E-B547-F5A1EF79A904}.Release|Any CPU.Build.0 = Release|Any CPU
		{CF9516FD-A344-44FC-ACB5-A48CEB85520D}.Debug|Any CPU.ActiveCfg = Debug|Any CPU
		{CF9516FD-A344-44FC-ACB5-A48CEB85520D}.Debug|Any CPU.Build.0 = Debug|Any CPU
		{CF9516FD-A344-44FC-ACB5-A48CEB85520D}.Release|Any CPU.ActiveCfg = Release|Any CPU
		{CF9516FD-A344-44FC-ACB5-A48CEB85520D}.Release|Any CPU.Build.0 = Release|Any CPU
		{5598B2B8-C427-4FE2-A356-0E3A83E094FD}.Debug|Any CPU.ActiveCfg = Debug|Any CPU
		{5598B2B8-C427-4FE2-A356-0E3A83E094FD}.Debug|Any CPU.Build.0 = Debug|Any CPU
		{5598B2B8-C427-4FE2-A356-0E3A83E094FD}.Release|Any CPU.ActiveCfg = Release|Any CPU
		{5598B2B8-C427-4FE2-A356-0E3A83E094FD}.Release|Any CPU.Build.0 = Release|Any CPU
	EndGlobalSection
	GlobalSection(SolutionProperties) = preSolution
		HideSolutionNode = FALSE
	EndGlobalSection
	GlobalSection(NestedProjects) = preSolution
		{A2A28861-0475-41BD-84C3-CBAC68B650AA} = {02EA681E-C7D8-13C7-8484-4AC65E1B71E8}
		{F0C10A90-F736-4401-8CE3-FCB74048BE46} = {02EA681E-C7D8-13C7-8484-4AC65E1B71E8}
		{491A39CC-DA4C-4E04-AB0B-ED74BA5937BB} = {02EA681E-C7D8-13C7-8484-4AC65E1B71E8}
		{361C5EE7-370B-408C-A18B-50D219A26C15} = {02EA681E-C7D8-13C7-8484-4AC65E1B71E8}
		{FE5636B3-627B-4105-BFED-9000155943F6} = {A2A28861-0475-41BD-84C3-CBAC68B650AA}
		{0DA46D17-F6BA-407C-9B1A-A3FCDF857781} = {A2A28861-0475-41BD-84C3-CBAC68B650AA}
		{E26936F4-6CAB-40CC-A7EA-6DA8E4D7448C} = {F0C10A90-F736-4401-8CE3-FCB74048BE46}
		{13357658-77F0-4F8F-9CE3-42CBC793C2BB} = {F0C10A90-F736-4401-8CE3-FCB74048BE46}
		{E465B83E-ABCC-4B43-AB14-E3BD2864FA3F} = {F0C10A90-F736-4401-8CE3-FCB74048BE46}
		{321254A0-AB2B-446E-8B11-6A5E7EA8C252} = {491A39CC-DA4C-4E04-AB0B-ED74BA5937BB}
		{E82443EC-0CD5-436E-B547-F5A1EF79A904} = {321254A0-AB2B-446E-8B11-6A5E7EA8C252}
		{CF9516FD-A344-44FC-ACB5-A48CEB85520D} = {361C5EE7-370B-408C-A18B-50D219A26C15}
		{5598B2B8-C427-4FE2-A356-0E3A83E094FD} = {361C5EE7-370B-408C-A18B-50D219A26C15}
	EndGlobalSection
	GlobalSection(ExtensibilityGlobals) = postSolution
		SolutionGuid = {C74C4F15-05FA-43FA-89D0-5F110BE95586}
	EndGlobalSection
EndGlobal
